
Microsoft Visual Studio Solution File, Format Version 12.00
# Visual Studio Version 16
VisualStudioVersion = 16.0.31702.278
MinimumVisualStudioVersion = 10.0.40219.1
Project("{9A19103F-16F7-4668-BE54-9A1E7A4F7556}") = "WilliamToddSite", "WilliamToddSite.csproj", "{0CED53BE-1EE9-48A9-BB7E-BB60D2E44B0C}"
EndProject
Project("{9A19103F-16F7-4668-BE54-9A1E7A4F7556}") = "QuizTests", "..\QuizTests\QuizTests.csproj", "{F8825D99-C630-4D92-98AA-3524088EB6C2}"
EndProject
Global
	GlobalSection(SolutionConfigurationPlatforms) = preSolution
		Debug|Any CPU = Debug|Any CPU
		Release|Any CPU = Release|Any CPU
	EndGlobalSection
	GlobalSection(ProjectConfigurationPlatforms) = postSolution
		{0CED53BE-1EE9-48A9-BB7E-BB60D2E44B0C}.Debug|Any CPU.ActiveCfg = Debug|Any CPU
		{0CED53BE-1EE9-48A9-BB7E-BB60D2E44B0C}.Debug|Any CPU.Build.0 = Debug|Any CPU
		{0CED53BE-1EE9-48A9-BB7E-BB60D2E44B0C}.Release|Any CPU.ActiveCfg = Release|Any CPU
		{0CED53BE-1EE9-48A9-BB7E-BB60D2E44B0C}.Release|Any CPU.Build.0 = Release|Any CPU
		{F8825D99-C630-4D92-98AA-3524088EB6C2}.Debug|Any CPU.ActiveCfg = Debug|Any CPU
		{F8825D99-C630-4D92-98AA-3524088EB6C2}.Debug|Any CPU.Build.0 = Debug|Any CPU
		{F8825D99-C630-4D92-98AA-3524088EB6C2}.Release|Any CPU.ActiveCfg = Release|Any CPU
		{F8825D99-C630-4D92-98AA-3524088EB6C2}.Release|Any CPU.Build.0 = Release|Any CPU
	EndGlobalSection
	GlobalSection(SolutionProperties) = preSolution
		HideSolutionNode = FALSE
	EndGlobalSection
	GlobalSection(ExtensibilityGlobals) = postSolution
		SolutionGuid = {E48DFEFD-F562-42F3-835F-F5A1958DBFD2}
	EndGlobalSection
EndGlobal
